<?xml version="1.0" encoding="utf-8"?>
<Project ToolsVersion="4.0" xmlns="http://schemas.microsoft.com/developer/msbuild/2003">
  <ItemGroup>
    <Filter Include="资源文件">
      <UniqueIdentifier>{67DA6AB6-F800-4c08-8B7A-83BB121AAD01}</UniqueIdentifier>
      <Extensions>rc;ico;cur;bmp;dlg;rc2;rct;bin;rgs;gif;jpg;jpeg;jpe;resx;tiff;tif;png;wav;mfcribbon-ms</Extensions>
    </Filter>
    <Filter Include="Event">
      <UniqueIdentifier>{f9867b60-49f3-4552-856b-8b5c366943f5}</UniqueIdentifier>
    </Filter>
    <Filter Include="Command">
      <UniqueIdentifier>{04f287ce-58ae-4f3d-8ec9-5ac0935583c1}</UniqueIdentifier>
    </Filter>
    <Filter Include="PvP">
      <UniqueIdentifier>{2e2c6711-d205-4d27-9f7a-7a3b7afa0a7f}</UniqueIdentifier>
    </Filter>
    <Filter Include="Plugin">
      <UniqueIdentifier>{4FC737F1-C7A5-4376-A066-2A32D752A2FF}</UniqueIdentifier>
      <Extensions>cpp;c;cc;cxx;c++;cppm;ixx;def;odl;idl;hpj;bat;asm;asmx</Extensions>
    </Filter>
    <Filter Include="Header">
      <UniqueIdentifier>{93995380-89BD-4b04-88EB-625FBE52EBFB}</UniqueIdentifier>
      <Extensions>h;hh;hpp;hxx;h++;hm;inl;inc;ipp;xsd</Extensions>
    </Filter>
    <Filter Include="ParticleEffect">
      <UniqueIdentifier>{7207895b-035a-47e6-b58f-11f94fed89d0}</UniqueIdentifier>
    </Filter>
  </ItemGroup>
  <ItemGroup>
    <ClInclude Include="framework.h">
      <Filter>Header</Filter>
    </ClInclude>
    <ClInclude Include="pch.h">
      <Filter>Header</Filter>
    </ClInclude>
    <ClInclude Include="Global.h">
      <Filter>Header</Filter>
    </ClInclude>
    <ClInclude Include="EventHeaders.h">
      <Filter>Event</Filter>
    </ClInclude>
    <ClInclude Include="Event.h">
      <Filter>Event</Filter>
    </ClInclude>
    <ClInclude Include="PMCommand.h">
      <Filter>Command</Filter>
    </ClInclude>
    <ClInclude Include="PVP.h">
      <Filter>PvP</Filter>
    </ClInclude>
    <ClInclude Include="PvPUtils.h">
      <Filter>PvP</Filter>
    </ClInclude>
    <ClInclude Include="ParticleConfig.h">
      <Filter>ParticleEffect</Filter>
    </ClInclude>
    <ClInclude Include="ParticleEffect.h">
      <Filter>ParticleEffect</Filter>
    </ClInclude>
  </ItemGroup>
  <ItemGroup>
    <ClCompile Include="dllmain.cpp">
      <Filter>Plugin</Filter>
    </ClCompile>
    <ClCompile Include="pch.cpp">
      <Filter>Plugin</Filter>
    </ClCompile>
    <ClCompile Include="Plugin.cpp">
      <Filter>Plugin</Filter>
    </ClCompile>
    <ClCompile Include="Event.cpp">
      <Filter>Event</Filter>
    </ClCompile>
    <ClCompile Include="PlayerDieEvent.cpp">
      <Filter>Event</Filter>
    </ClCompile>
    <ClCompile Include="PlayerAttackEvent.cpp">
      <Filter>Event</Filter>
    </ClCompile>
    <ClCompile Include="PlayerHurtEvent.cpp">
      <Filter>Event</Filter>
    </ClCompile>
    <ClCompile Include="PlayerRespawnEvent.cpp">
      <Filter>Event</Filter>
    </ClCompile>
    <ClCompile Include="PMCommand.cpp">
      <Filter>Command</Filter>
    </ClCompile>
    <ClCompile Include="PVP.cpp">
      <Filter>PvP</Filter>
    </ClCompile>
    <ClCompile Include="PvPUtils.cpp">
      <Filter>PvP</Filter>
    </ClCompile>
    <ClCompile Include="PlayerTickEvent.cpp">
      <Filter>Event</Filter>
    </ClCompile>
    <ClCompile Include="ParticleEffect.cpp">
      <Filter>ParticleEffect</Filter>
    </ClCompile>
    <ClCompile Include="ParticleConfig.cpp">
      <Filter>ParticleEffect</Filter>
    </ClCompile>
  </ItemGroup>
</Project>